
Microsoft Visual Studio Solution File, Format Version 12.00
Project("{FAE04EC0-301F-11D3-BF4B-00C04F79EFBC}") = "API", "API\API.csproj", "{5694D605-9250-4D57-8911-459810160665}"
EndProject
Project("{FAE04EC0-301F-11D3-BF4B-00C04F79EFBC}") = "DataAccess", "DataAccess\DataAccess.csproj", "{02DA8E9C-3843-4366-8A7D-497860BE4356}"
EndProject
Project("{FAE04EC0-301F-11D3-BF4B-00C04F79EFBC}") = "Domain", "Domain\Domain.csproj", "{D6D23002-88C2-4D13-B0C8-6D9E1649B142}"
EndProject
Project("{FAE04EC0-301F-11D3-BF4B-00C04F79EFBC}") = "Application", "Application\Application.csproj", "{C3EDF0EB-82B1-45AF-A85D-7AD0AC344298}"
EndProject
Project("{FAE04EC0-301F-11D3-BF4B-00C04F79EFBC}") = "Core", "Core\Core.csproj", "{66B06A9D-95C1-43E3-BC5F-0754290719FC}"
EndProject
Project("{FAE04EC0-301F-11D3-BF4B-00C04F79EFBC}") = "Tests", "Tests\Tests.csproj", "{29F147A5-49CD-4147-AF31-28A8A93F1C8E}"
EndProject
Global
	GlobalSection(SolutionConfigurationPlatforms) = preSolution
		Debug|Any CPU = Debug|Any CPU
		Release|Any CPU = Release|Any CPU
	EndGlobalSection
	GlobalSection(ProjectConfigurationPlatforms) = postSolution
		{5694D605-9250-4D57-8911-459810160665}.Debug|Any CPU.ActiveCfg = Debug|Any CPU
		{5694D605-9250-4D57-8911-459810160665}.Debug|Any CPU.Build.0 = Debug|Any CPU
		{5694D605-9250-4D57-8911-459810160665}.Release|Any CPU.ActiveCfg = Release|Any CPU
		{5694D605-9250-4D57-8911-459810160665}.Release|Any CPU.Build.0 = Release|Any CPU
		{02DA8E9C-3843-4366-8A7D-497860BE4356}.Debug|Any CPU.ActiveCfg = Debug|Any CPU
		{02DA8E9C-3843-4366-8A7D-497860BE4356}.Debug|Any CPU.Build.0 = Debug|Any CPU
		{02DA8E9C-3843-4366-8A7D-497860BE4356}.Release|Any CPU.ActiveCfg = Release|Any CPU
		{02DA8E9C-3843-4366-8A7D-497860BE4356}.Release|Any CPU.Build.0 = Release|Any CPU
		{D6D23002-88C2-4D13-B0C8-6D9E1649B142}.Debug|Any CPU.ActiveCfg = Debug|Any CPU
		{D6D23002-88C2-4D13-B0C8-6D9E1649B142}.Debug|Any CPU.Build.0 = Debug|Any CPU
		{D6D23002-88C2-4D13-B0C8-6D9E1649B142}.Release|Any CPU.ActiveCfg = Release|Any CPU
		{D6D23002-88C2-4D13-B0C8-6D9E1649B142}.Release|Any CPU.Build.0 = Release|Any CPU
		{C3EDF0EB-82B1-45AF-A85D-7AD0AC344298}.Debug|Any CPU.ActiveCfg = Debug|Any CPU
		{C3EDF0EB-82B1-45AF-A85D-7AD0AC344298}.Debug|Any CPU.Build.0 = Debug|Any CPU
		{C3EDF0EB-82B1-45AF-A85D-7AD0AC344298}.Release|Any CPU.ActiveCfg = Release|Any CPU
		{C3EDF0EB-82B1-45AF-A85D-7AD0AC344298}.Release|Any CPU.Build.0 = Release|Any CPU
		{66B06A9D-95C1-43E3-BC5F-0754290719FC}.Debug|Any CPU.ActiveCfg = Debug|Any CPU
		{66B06A9D-95C1-43E3-BC5F-0754290719FC}.Debug|Any CPU.Build.0 = Debug|Any CPU
		{66B06A9D-95C1-43E3-BC5F-0754290719FC}.Release|Any CPU.ActiveCfg = Release|Any CPU
		{66B06A9D-95C1-43E3-BC5F-0754290719FC}.Release|Any CPU.Build.0 = Release|Any CPU
		{29F147A5-49CD-4147-AF31-28A8A93F1C8E}.Debug|Any CPU.ActiveCfg = Debug|Any CPU
		{29F147A5-49CD-4147-AF31-28A8A93F1C8E}.Debug|Any CPU.Build.0 = Debug|Any CPU
		{29F147A5-49CD-4147-AF31-28A8A93F1C8E}.Release|Any CPU.ActiveCfg = Release|Any CPU
		{29F147A5-49CD-4147-AF31-28A8A93F1C8E}.Release|Any CPU.Build.0 = Release|Any CPU
	EndGlobalSection
EndGlobal
